
Microsoft Visual Studio Solution File, Format Version 11.00
# Visual Studio 2010
Project("{FAE04EC0-301F-11D3-BF4B-00C04F79EFBC}") = "UnityEngine.TestRunner", "UnityEngine.TestRunner.csproj", "{80bacd2d-1363-9a14-e2d5-f7e875079d89}"
EndProject
Project("{FAE04EC0-301F-11D3-BF4B-00C04F79EFBC}") = "Unity.VisualScripting.Flow", "Unity.VisualScripting.Flow.csproj", "{8a17726f-e53f-f067-777b-15568f4d1734}"
EndProject
Project("{FAE04EC0-301F-11D3-BF4B-00C04F79EFBC}") = "Unity.Services.Core.Telemetry", "Unity.Services.Core.Telemetry.csproj", "{9d09e86c-dd28-ea64-d93b-890af85be199}"
EndProject
Project("{FAE04EC0-301F-11D3-BF4B-00C04F79EFBC}") = "Unity.InputSystem", "Unity.InputSystem.csproj", "{4733866b-e530-ca8e-28c4-dd729acbb860}"
EndProject
Project("{FAE04EC0-301F-11D3-BF4B-00C04F79EFBC}") = "Unity.VisualScripting.State", "Unity.VisualScripting.State.csproj", "{b4f8b95a-19db-0f22-8e10-080a553b2e3d}"
EndProject
Project("{FAE04EC0-301F-11D3-BF4B-00C04F79EFBC}") = "Unity.VisualScripting.Core", "Unity.VisualScripting.Core.csproj", "{baed0dd1-c0cb-8593-d954-138e230dce03}"
EndProject
Project("{FAE04EC0-301F-11D3-BF4B-00C04F79EFBC}") = "Unity.Services.Core.Environments.Internal", "Unity.Services.Core.Environments.Internal.csproj", "{b2d3e597-2ae1-8e25-2796-b64db18f9eca}"
EndProject
Project("{FAE04EC0-301F-11D3-BF4B-00C04F79EFBC}") = "Unity.TextMeshPro", "Unity.TextMeshPro.csproj", "{01c8159d-2015-cc90-2fc0-eb189905c943}"
EndProject
Project("{FAE04EC0-301F-11D3-BF4B-00C04F79EFBC}") = "Unity.ProBuilder.Poly2Tri", "Unity.ProBuilder.Poly2Tri.csproj", "{3f556c9e-1997-da5d-bc4e-cb37d34c1d2b}"
EndProject
Project("{FAE04EC0-301F-11D3-BF4B-00C04F79EFBC}") = "Cinemachine", "Cinemachine.csproj", "{1fd7974c-eeb2-95fd-5fae-fb961bc3514e}"
EndProject
Project("{FAE04EC0-301F-11D3-BF4B-00C04F79EFBC}") = "Unity.Timeline", "Unity.Timeline.csproj", "{41829e7f-04c6-879a-b051-67af3af20e33}"
EndProject
Project("{FAE04EC0-301F-11D3-BF4B-00C04F79EFBC}") = "Unity.ProBuilder", "Unity.ProBuilder.csproj", "{a777ba81-34d2-4c26-46c2-c05e7c34d6b2}"
EndProject
Project("{FAE04EC0-301F-11D3-BF4B-00C04F79EFBC}") = "Unity.Services.Core.Environments", "Unity.Services.Core.Environments.csproj", "{3427dc08-0552-c4d2-e0ce-e96f23d760c6}"
EndProject
Project("{FAE04EC0-301F-11D3-BF4B-00C04F79EFBC}") = "Unity.Services.Core.Internal", "Unity.Services.Core.Internal.csproj", "{ec43b8b2-7ebc-674b-f1d0-79273a49fdf1}"
EndProject
Project("{FAE04EC0-301F-11D3-BF4B-00C04F79EFBC}") = "Unity.Services.Core.Analytics", "Unity.Services.Core.Analytics.csproj", "{6629d1e5-78b9-eeb4-cfef-beba0e2479d2}"
EndProject
Project("{FAE04EC0-301F-11D3-BF4B-00C04F79EFBC}") = "Unity.ProBuilder.Csg", "Unity.ProBuilder.Csg.csproj", "{023f2c00-b81a-c0ec-aca9-42bcd9bb36d0}"
EndProject
Project("{FAE04EC0-301F-11D3-BF4B-00C04F79EFBC}") = "Unity.Services.Core.Scheduler", "Unity.Services.Core.Scheduler.csproj", "{b1fab1f3-1c1e-352f-59a3-dcd409bbef09}"
EndProject
Project("{FAE04EC0-301F-11D3-BF4B-00C04F79EFBC}") = "Unity.Services.Core.Registration", "Unity.Services.Core.Registration.csproj", "{48e2df7a-7db7-de5c-ff1b-39c77d1452a7}"
EndProject
Project("{FAE04EC0-301F-11D3-BF4B-00C04F79EFBC}") = "Unity.Services.Core.Device", "Unity.Services.Core.Device.csproj", "{e2ad2e00-4263-e431-77fa-82a257f3a7d7}"
EndProject
Project("{FAE04EC0-301F-11D3-BF4B-00C04F79EFBC}") = "Unity.Services.Core.Threading", "Unity.Services.Core.Threading.csproj", "{a715a9c5-ad57-0602-0735-4c5953a6c37a}"
EndProject
Project("{FAE04EC0-301F-11D3-BF4B-00C04F79EFBC}") = "Unity.Services.Core.Networking", "Unity.Services.Core.Networking.csproj", "{bd19f161-d9bc-4ffe-e041-9eefefab524b}"
EndProject
Project("{FAE04EC0-301F-11D3-BF4B-00C04F79EFBC}") = "Unity.ProBuilder.KdTree", "Unity.ProBuilder.KdTree.csproj", "{40aee9c7-9934-e0da-c6cc-f265b545ab52}"
EndProject
Project("{FAE04EC0-301F-11D3-BF4B-00C04F79EFBC}") = "Unity.Services.Core", "Unity.Services.Core.csproj", "{9f6d7212-773e-b3aa-3fd4-f828f561f3be}"
EndProject
Project("{FAE04EC0-301F-11D3-BF4B-00C04F79EFBC}") = "Assembly-CSharp", "Assembly-CSharp.csproj", "{42cc3db9-0375-876b-3149-d3544892d54b}"
EndProject
Project("{FAE04EC0-301F-11D3-BF4B-00C04F79EFBC}") = "Unity.Services.Core.Configuration", "Unity.Services.Core.Configuration.csproj", "{4632fd68-9369-901b-e7f1-8fa775a0798f}"
EndProject
Project("{FAE04EC0-301F-11D3-BF4B-00C04F79EFBC}") = "Unity.ProBuilder.Stl", "Unity.ProBuilder.Stl.csproj", "{7107da15-6fc4-5343-a8f6-a48505396f02}"
EndProject
Project("{FAE04EC0-301F-11D3-BF4B-00C04F79EFBC}") = "Unity.PlasticSCM.Editor", "Unity.PlasticSCM.Editor.csproj", "{1a1d40de-1d65-bbe0-56a3-0d26a3396f89}"
EndProject
Project("{FAE04EC0-301F-11D3-BF4B-00C04F79EFBC}") = "Unity.VisualScripting.Core.Editor", "Unity.VisualScripting.Core.Editor.csproj", "{7e347d0f-626f-7d3c-48d1-051746962354}"
EndProject
Project("{FAE04EC0-301F-11D3-BF4B-00C04F79EFBC}") = "Unity.VisualScripting.Flow.Editor", "Unity.VisualScripting.Flow.Editor.csproj", "{d4df0ac7-7c17-6b70-57fb-e02a55a8403d}"
EndProject
Project("{FAE04EC0-301F-11D3-BF4B-00C04F79EFBC}") = "Unity.VisualStudio.Editor", "Unity.VisualStudio.Editor.csproj", "{c7583c06-e63e-4124-57f6-41d419c205fb}"
EndProject
Project("{FAE04EC0-301F-11D3-BF4B-00C04F79EFBC}") = "Unity.ProBuilder.Editor", "Unity.ProBuilder.Editor.csproj", "{7cd061e3-c573-223e-c034-ef2eef2f54b8}"
EndProject
Project("{FAE04EC0-301F-11D3-BF4B-00C04F79EFBC}") = "Unity.Timeline.Editor", "Unity.Timeline.Editor.csproj", "{1ced0080-5391-8481-8082-d127276f35ec}"
EndProject
Project("{FAE04EC0-301F-11D3-BF4B-00C04F79EFBC}") = "com.unity.cinemachine.editor", "com.unity.cinemachine.editor.csproj", "{65d60713-c516-c604-acd2-2a32cc6ef072}"
EndProject
Project("{FAE04EC0-301F-11D3-BF4B-00C04F79EFBC}") = "Unity.VisualScripting.State.Editor", "Unity.VisualScripting.State.Editor.csproj", "{feda5e81-b694-a775-d60a-76c5aa81a13b}"
EndProject
Project("{FAE04EC0-301F-11D3-BF4B-00C04F79EFBC}") = "Unity.TextMeshPro.Editor", "Unity.TextMeshPro.Editor.csproj", "{ccd8689e-bef8-860f-2d33-4f04848db752}"
EndProject
Project("{FAE04EC0-301F-11D3-BF4B-00C04F79EFBC}") = "Unity.VisualScripting.SettingsProvider.Editor", "Unity.VisualScripting.SettingsProvider.Editor.csproj", "{daaff83a-65ed-b03c-f844-6170c1086765}"
EndProject
Project("{FAE04EC0-301F-11D3-BF4B-00C04F79EFBC}") = "Unity.CollabProxy.Editor", "Unity.CollabProxy.Editor.csproj", "{a4b9f6c9-5a2f-de75-de76-8cfe802d4b1c}"
EndProject
Project("{FAE04EC0-301F-11D3-BF4B-00C04F79EFBC}") = "UnityEditor.TestRunner", "UnityEditor.TestRunner.csproj", "{f842ae8f-4f8e-c88f-ab61-8548745b37b1}"
EndProject
Project("{FAE04EC0-301F-11D3-BF4B-00C04F79EFBC}") = "Unity.Services.Core.Editor", "Unity.Services.Core.Editor.csproj", "{7ac2a3d5-fe03-cc1e-464d-a56e0ad635b3}"
EndProject
Project("{FAE04EC0-301F-11D3-BF4B-00C04F79EFBC}") = "Unity.TestTools.CodeCoverage.Editor", "Unity.TestTools.CodeCoverage.Editor.csproj", "{a4ff615a-a79a-0526-7746-8bf58a575583}"
EndProject
Project("{FAE04EC0-301F-11D3-BF4B-00C04F79EFBC}") = "Unity.Rider.Editor", "Unity.Rider.Editor.csproj", "{0e02f44d-b031-4590-349a-5b0b2987ef6a}"
EndProject
Project("{FAE04EC0-301F-11D3-BF4B-00C04F79EFBC}") = "Unity.Performance.Profile-Analyzer.Editor", "Unity.Performance.Profile-Analyzer.Editor.csproj", "{8971de07-793b-fb09-a8ec-1d933144c6cb}"
EndProject
Project("{FAE04EC0-301F-11D3-BF4B-00C04F79EFBC}") = "Unity.Searcher.Editor", "Unity.Searcher.Editor.csproj", "{bd6a654f-45f3-e565-98a5-38e8c6c6fe25}"
EndProject
Project("{FAE04EC0-301F-11D3-BF4B-00C04F79EFBC}") = "Unity.VSCode.Editor", "Unity.VSCode.Editor.csproj", "{3bea7db5-4727-d9b5-3f4f-f5cbe01ff87e}"
EndProject
Project("{FAE04EC0-301F-11D3-BF4B-00C04F79EFBC}") = "Unity.ProBuilder.AssetIdRemapUtility", "Unity.ProBuilder.AssetIdRemapUtility.csproj", "{e9c79067-e020-1489-7758-be0da653e473}"
EndProject
Project("{FAE04EC0-301F-11D3-BF4B-00C04F79EFBC}") = "Unity.Settings.Editor", "Unity.Settings.Editor.csproj", "{98ecfb3a-3419-61d2-bef6-5e945445cc1e}"
EndProject
Project("{FAE04EC0-301F-11D3-BF4B-00C04F79EFBC}") = "Unity.TestTools.CodeCoverage.Editor.OpenCover.Model", "Unity.TestTools.CodeCoverage.Editor.OpenCover.Model.csproj", "{77c54254-3ebe-d3c7-b654-c7e4f820308f}"
EndProject
Project("{FAE04EC0-301F-11D3-BF4B-00C04F79EFBC}") = "Unity.EditorCoroutines.Editor", "Unity.EditorCoroutines.Editor.csproj", "{7ebffdd6-02a5-859c-80f6-13afa47ce26d}"
EndProject
Project("{FAE04EC0-301F-11D3-BF4B-00C04F79EFBC}") = "Unity.Services.Core.Configuration.Editor", "Unity.Services.Core.Configuration.Editor.csproj", "{1edfffde-0d5c-7e89-953a-957420a16cab}"
EndProject
Project("{FAE04EC0-301F-11D3-BF4B-00C04F79EFBC}") = "Unity.TestTools.CodeCoverage.Editor.OpenCover.Mono.Reflection", "Unity.TestTools.CodeCoverage.Editor.OpenCover.Mono.Reflection.csproj", "{15b6b019-69a4-8979-4351-31069eb6be5c}"
EndProject
Project("{FAE04EC0-301F-11D3-BF4B-00C04F79EFBC}") = "Unity.VisualScripting.Shared.Editor", "Unity.VisualScripting.Shared.Editor.csproj", "{7e572073-5f3d-b8b2-40de-16b72f9fcb9c}"
EndProject
Project("{FAE04EC0-301F-11D3-BF4B-00C04F79EFBC}") = "Unity.ProBuilder.AddOns.Editor", "Unity.ProBuilder.AddOns.Editor.csproj", "{a274022d-626f-97df-7e53-a22265c6f67d}"
EndProject
Global
	GlobalSection(SolutionConfigurationPlatforms) = preSolution
		Debug|Any CPU = Debug|Any CPU
	EndGlobalSection
	GlobalSection(ProjectConfigurationPlatforms) = postSolution
		{80bacd2d-1363-9a14-e2d5-f7e875079d89}.Debug|Any CPU.ActiveCfg = Debug|Any CPU
		{80bacd2d-1363-9a14-e2d5-f7e875079d89}.Debug|Any CPU.Build.0 = Debug|Any CPU
		{8a17726f-e53f-f067-777b-15568f4d1734}.Debug|Any CPU.ActiveCfg = Debug|Any CPU
		{8a17726f-e53f-f067-777b-15568f4d1734}.Debug|Any CPU.Build.0 = Debug|Any CPU
		{9d09e86c-dd28-ea64-d93b-890af85be199}.Debug|Any CPU.ActiveCfg = Debug|Any CPU
		{9d09e86c-dd28-ea64-d93b-890af85be199}.Debug|Any CPU.Build.0 = Debug|Any CPU
		{4733866b-e530-ca8e-28c4-dd729acbb860}.Debug|Any CPU.ActiveCfg = Debug|Any CPU
		{4733866b-e530-ca8e-28c4-dd729acbb860}.Debug|Any CPU.Build.0 = Debug|Any CPU
		{b4f8b95a-19db-0f22-8e10-080a553b2e3d}.Debug|Any CPU.ActiveCfg = Debug|Any CPU
		{b4f8b95a-19db-0f22-8e10-080a553b2e3d}.Debug|Any CPU.Build.0 = Debug|Any CPU
		{baed0dd1-c0cb-8593-d954-138e230dce03}.Debug|Any CPU.ActiveCfg = Debug|Any CPU
		{baed0dd1-c0cb-8593-d954-138e230dce03}.Debug|Any CPU.Build.0 = Debug|Any CPU
		{b2d3e597-2ae1-8e25-2796-b64db18f9eca}.Debug|Any CPU.ActiveCfg = Debug|Any CPU
		{b2d3e597-2ae1-8e25-2796-b64db18f9eca}.Debug|Any CPU.Build.0 = Debug|Any CPU
		{01c8159d-2015-cc90-2fc0-eb189905c943}.Debug|Any CPU.ActiveCfg = Debug|Any CPU
		{01c8159d-2015-cc90-2fc0-eb189905c943}.Debug|Any CPU.Build.0 = Debug|Any CPU
		{3f556c9e-1997-da5d-bc4e-cb37d34c1d2b}.Debug|Any CPU.ActiveCfg = Debug|Any CPU
		{3f556c9e-1997-da5d-bc4e-cb37d34c1d2b}.Debug|Any CPU.Build.0 = Debug|Any CPU
		{1fd7974c-eeb2-95fd-5fae-fb961bc3514e}.Debug|Any CPU.ActiveCfg = Debug|Any CPU
		{1fd7974c-eeb2-95fd-5fae-fb961bc3514e}.Debug|Any CPU.Build.0 = Debug|Any CPU
		{41829e7f-04c6-879a-b051-67af3af20e33}.Debug|Any CPU.ActiveCfg = Debug|Any CPU
		{41829e7f-04c6-879a-b051-67af3af20e33}.Debug|Any CPU.Build.0 = Debug|Any CPU
		{a777ba81-34d2-4c26-46c2-c05e7c34d6b2}.Debug|Any CPU.ActiveCfg = Debug|Any CPU
		{a777ba81-34d2-4c26-46c2-c05e7c34d6b2}.Debug|Any CPU.Build.0 = Debug|Any CPU
		{3427dc08-0552-c4d2-e0ce-e96f23d760c6}.Debug|Any CPU.ActiveCfg = Debug|Any CPU
		{3427dc08-0552-c4d2-e0ce-e96f23d760c6}.Debug|Any CPU.Build.0 = Debug|Any CPU
		{ec43b8b2-7ebc-674b-f1d0-79273a49fdf1}.Debug|Any CPU.ActiveCfg = Debug|Any CPU
		{ec43b8b2-7ebc-674b-f1d0-79273a49fdf1}.Debug|Any CPU.Build.0 = Debug|Any CPU
		{6629d1e5-78b9-eeb4-cfef-beba0e2479d2}.Debug|Any CPU.ActiveCfg = Debug|Any CPU
		{6629d1e5-78b9-eeb4-cfef-beba0e2479d2}.Debug|Any CPU.Build.0 = Debug|Any CPU
		{023f2c00-b81a-c0ec-aca9-42bcd9bb36d0}.Debug|Any CPU.ActiveCfg = Debug|Any CPU
		{023f2c00-b81a-c0ec-aca9-42bcd9bb36d0}.Debug|Any CPU.Build.0 = Debug|Any CPU
		{b1fab1f3-1c1e-352f-59a3-dcd409bbef09}.Debug|Any CPU.ActiveCfg = Debug|Any CPU
		{b1fab1f3-1c1e-352f-59a3-dcd409bbef09}.Debug|Any CPU.Build.0 = Debug|Any CPU
		{48e2df7a-7db7-de5c-ff1b-39c77d1452a7}.Debug|Any CPU.ActiveCfg = Debug|Any CPU
		{48e2df7a-7db7-de5c-ff1b-39c77d1452a7}.Debug|Any CPU.Build.0 = Debug|Any CPU
		{e2ad2e00-4263-e431-77fa-82a257f3a7d7}.Debug|Any CPU.ActiveCfg = Debug|Any CPU
		{e2ad2e00-4263-e431-77fa-82a257f3a7d7}.Debug|Any CPU.Build.0 = Debug|Any CPU
		{a715a9c5-ad57-0602-0735-4c5953a6c37a}.Debug|Any CPU.ActiveCfg = Debug|Any CPU
		{a715a9c5-ad57-0602-0735-4c5953a6c37a}.Debug|Any CPU.Build.0 = Debug|Any CPU
		{bd19f161-d9bc-4ffe-e041-9eefefab524b}.Debug|Any CPU.ActiveCfg = Debug|Any CPU
		{bd19f161-d9bc-4ffe-e041-9eefefab524b}.Debug|Any CPU.Build.0 = Debug|Any CPU
		{40aee9c7-9934-e0da-c6cc-f265b545ab52}.Debug|Any CPU.ActiveCfg = Debug|Any CPU
		{40aee9c7-9934-e0da-c6cc-f265b545ab52}.Debug|Any CPU.Build.0 = Debug|Any CPU
		{9f6d7212-773e-b3aa-3fd4-f828f561f3be}.Debug|Any CPU.ActiveCfg = Debug|Any CPU
		{9f6d7212-773e-b3aa-3fd4-f828f561f3be}.Debug|Any CPU.Build.0 = Debug|Any CPU
		{42cc3db9-0375-876b-3149-d3544892d54b}.Debug|Any CPU.ActiveCfg = Debug|Any CPU
		{42cc3db9-0375-876b-3149-d3544892d54b}.Debug|Any CPU.Build.0 = Debug|Any CPU
		{4632fd68-9369-901b-e7f1-8fa775a0798f}.Debug|Any CPU.ActiveCfg = Debug|Any CPU
		{4632fd68-9369-901b-e7f1-8fa775a0798f}.Debug|Any CPU.Build.0 = Debug|Any CPU
		{7107da15-6fc4-5343-a8f6-a48505396f02}.Debug|Any CPU.ActiveCfg = Debug|Any CPU
		{7107da15-6fc4-5343-a8f6-a48505396f02}.Debug|Any CPU.Build.0 = Debug|Any CPU
		{1a1d40de-1d65-bbe0-56a3-0d26a3396f89}.Debug|Any CPU.ActiveCfg = Debug|Any CPU
		{1a1d40de-1d65-bbe0-56a3-0d26a3396f89}.Debug|Any CPU.Build.0 = Debug|Any CPU
		{7e347d0f-626f-7d3c-48d1-051746962354}.Debug|Any CPU.ActiveCfg = Debug|Any CPU
		{7e347d0f-626f-7d3c-48d1-051746962354}.Debug|Any CPU.Build.0 = Debug|Any CPU
		{d4df0ac7-7c17-6b70-57fb-e02a55a8403d}.Debug|Any CPU.ActiveCfg = Debug|Any CPU
		{d4df0ac7-7c17-6b70-57fb-e02a55a8403d}.Debug|Any CPU.Build.0 = Debug|Any CPU
		{c7583c06-e63e-4124-57f6-41d419c205fb}.Debug|Any CPU.ActiveCfg = Debug|Any CPU
		{c7583c06-e63e-4124-57f6-41d419c205fb}.Debug|Any CPU.Build.0 = Debug|Any CPU
		{7cd061e3-c573-223e-c034-ef2eef2f54b8}.Debug|Any CPU.ActiveCfg = Debug|Any CPU
		{7cd061e3-c573-223e-c034-ef2eef2f54b8}.Debug|Any CPU.Build.0 = Debug|Any CPU
		{1ced0080-5391-8481-8082-d127276f35ec}.Debug|Any CPU.ActiveCfg = Debug|Any CPU
		{1ced0080-5391-8481-8082-d127276f35ec}.Debug|Any CPU.Build.0 = Debug|Any CPU
		{65d60713-c516-c604-acd2-2a32cc6ef072}.Debug|Any CPU.ActiveCfg = Debug|Any CPU
		{65d60713-c516-c604-acd2-2a32cc6ef072}.Debug|Any CPU.Build.0 = Debug|Any CPU
		{feda5e81-b694-a775-d60a-76c5aa81a13b}.Debug|Any CPU.ActiveCfg = Debug|Any CPU
		{feda5e81-b694-a775-d60a-76c5aa81a13b}.Debug|Any CPU.Build.0 = Debug|Any CPU
		{ccd8689e-bef8-860f-2d33-4f04848db752}.Debug|Any CPU.ActiveCfg = Debug|Any CPU
		{ccd8689e-bef8-860f-2d33-4f04848db752}.Debug|Any CPU.Build.0 = Debug|Any CPU
		{daaff83a-65ed-b03c-f844-6170c1086765}.Debug|Any CPU.ActiveCfg = Debug|Any CPU
		{daaff83a-65ed-b03c-f844-6170c1086765}.Debug|Any CPU.Build.0 = Debug|Any CPU
		{a4b9f6c9-5a2f-de75-de76-8cfe802d4b1c}.Debug|Any CPU.ActiveCfg = Debug|Any CPU
		{a4b9f6c9-5a2f-de75-de76-8cfe802d4b1c}.Debug|Any CPU.Build.0 = Debug|Any CPU
		{f842ae8f-4f8e-c88f-ab61-8548745b37b1}.Debug|Any CPU.ActiveCfg = Debug|Any CPU
		{f842ae8f-4f8e-c88f-ab61-8548745b37b1}.Debug|Any CPU.Build.0 = Debug|Any CPU
		{7ac2a3d5-fe03-cc1e-464d-a56e0ad635b3}.Debug|Any CPU.ActiveCfg = Debug|Any CPU
		{7ac2a3d5-fe03-cc1e-464d-a56e0ad635b3}.Debug|Any CPU.Build.0 = Debug|Any CPU
		{a4ff615a-a79a-0526-7746-8bf58a575583}.Debug|Any CPU.ActiveCfg = Debug|Any CPU
		{a4ff615a-a79a-0526-7746-8bf58a575583}.Debug|Any CPU.Build.0 = Debug|Any CPU
		{0e02f44d-b031-4590-349a-5b0b2987ef6a}.Debug|Any CPU.ActiveCfg = Debug|Any CPU
		{0e02f44d-b031-4590-349a-5b0b2987ef6a}.Debug|Any CPU.Build.0 = Debug|Any CPU
		{8971de07-793b-fb09-a8ec-1d933144c6cb}.Debug|Any CPU.ActiveCfg = Debug|Any CPU
		{8971de07-793b-fb09-a8ec-1d933144c6cb}.Debug|Any CPU.Build.0 = Debug|Any CPU
		{bd6a654f-45f3-e565-98a5-38e8c6c6fe25}.Debug|Any CPU.ActiveCfg = Debug|Any CPU
		{bd6a654f-45f3-e565-98a5-38e8c6c6fe25}.Debug|Any CPU.Build.0 = Debug|Any CPU
		{3bea7db5-4727-d9b5-3f4f-f5cbe01ff87e}.Debug|Any CPU.ActiveCfg = Debug|Any CPU
		{3bea7db5-4727-d9b5-3f4f-f5cbe01ff87e}.Debug|Any CPU.Build.0 = Debug|Any CPU
		{e9c79067-e020-1489-7758-be0da653e473}.Debug|Any CPU.ActiveCfg = Debug|Any CPU
		{e9c79067-e020-1489-7758-be0da653e473}.Debug|Any CPU.Build.0 = Debug|Any CPU
		{98ecfb3a-3419-61d2-bef6-5e945445cc1e}.Debug|Any CPU.ActiveCfg = Debug|Any CPU
		{98ecfb3a-3419-61d2-bef6-5e945445cc1e}.Debug|Any CPU.Build.0 = Debug|Any CPU
		{77c54254-3ebe-d3c7-b654-c7e4f820308f}.Debug|Any CPU.ActiveCfg = Debug|Any CPU
		{77c54254-3ebe-d3c7-b654-c7e4f820308f}.Debug|Any CPU.Build.0 = Debug|Any CPU
		{7ebffdd6-02a5-859c-80f6-13afa47ce26d}.Debug|Any CPU.ActiveCfg = Debug|Any CPU
		{7ebffdd6-02a5-859c-80f6-13afa47ce26d}.Debug|Any CPU.Build.0 = Debug|Any CPU
		{1edfffde-0d5c-7e89-953a-957420a16cab}.Debug|Any CPU.ActiveCfg = Debug|Any CPU
		{1edfffde-0d5c-7e89-953a-957420a16cab}.Debug|Any CPU.Build.0 = Debug|Any CPU
		{15b6b019-69a4-8979-4351-31069eb6be5c}.Debug|Any CPU.ActiveCfg = Debug|Any CPU
		{15b6b019-69a4-8979-4351-31069eb6be5c}.Debug|Any CPU.Build.0 = Debug|Any CPU
		{7e572073-5f3d-b8b2-40de-16b72f9fcb9c}.Debug|Any CPU.ActiveCfg = Debug|Any CPU
		{7e572073-5f3d-b8b2-40de-16b72f9fcb9c}.Debug|Any CPU.Build.0 = Debug|Any CPU
		{a274022d-626f-97df-7e53-a22265c6f67d}.Debug|Any CPU.ActiveCfg = Debug|Any CPU
		{a274022d-626f-97df-7e53-a22265c6f67d}.Debug|Any CPU.Build.0 = Debug|Any CPU
	EndGlobalSection
	GlobalSection(SolutionProperties) = preSolution
		HideSolutionNode = FALSE
	EndGlobalSection
EndGlobal
