
Microsoft Visual Studio Solution File, Format Version 11.00
# Visual Studio 2010
Project("{FAE04EC0-301F-11D3-BF4B-00C04F79EFBC}") = "UnityEngine.TestRunner", "UnityEngine.TestRunner.csproj", "{8387902b-b68e-ef6b-52ff-de8fc5886398}"
EndProject
Project("{FAE04EC0-301F-11D3-BF4B-00C04F79EFBC}") = "Unity.VisualScripting.Flow", "Unity.VisualScripting.Flow.csproj", "{ed784383-d8c6-da99-2023-eef64e583bad}"
EndProject
Project("{FAE04EC0-301F-11D3-BF4B-00C04F79EFBC}") = "Unity.Services.Core.Telemetry", "Unity.Services.Core.Telemetry.csproj", "{9f3afae5-8dee-0915-96e0-2b4204ae1a18}"
EndProject
Project("{FAE04EC0-301F-11D3-BF4B-00C04F79EFBC}") = "Unity.VisualScripting.State", "Unity.VisualScripting.State.csproj", "{ff1a519b-c11a-88e8-ec97-54261989253a}"
EndProject
Project("{FAE04EC0-301F-11D3-BF4B-00C04F79EFBC}") = "Unity.VisualScripting.Core", "Unity.VisualScripting.Core.csproj", "{eff63b51-ef15-a064-6eb6-6d0e37ccfe9f}"
EndProject
Project("{FAE04EC0-301F-11D3-BF4B-00C04F79EFBC}") = "Unity.Services.Core.Environments.Internal", "Unity.Services.Core.Environments.Internal.csproj", "{b42f5ddd-669b-e879-31a0-ce3e939e9e8d}"
EndProject
Project("{FAE04EC0-301F-11D3-BF4B-00C04F79EFBC}") = "Unity.TextMeshPro", "Unity.TextMeshPro.csproj", "{e2ad1222-64ac-5ffa-eb6e-63eef51db36f}"
EndProject
Project("{FAE04EC0-301F-11D3-BF4B-00C04F79EFBC}") = "Unity.Timeline", "Unity.Timeline.csproj", "{692300b8-aa2b-5c38-6719-3206627d1490}"
EndProject
Project("{FAE04EC0-301F-11D3-BF4B-00C04F79EFBC}") = "Unity.Services.Core.Environments", "Unity.Services.Core.Environments.csproj", "{91d1263c-c011-afe3-c4e5-1c567eabdd0c}"
EndProject
Project("{FAE04EC0-301F-11D3-BF4B-00C04F79EFBC}") = "Unity.Services.Core.Internal", "Unity.Services.Core.Internal.csproj", "{80948138-3bac-881c-4983-d62dbf43120c}"
EndProject
Project("{FAE04EC0-301F-11D3-BF4B-00C04F79EFBC}") = "Unity.Services.Core.Analytics", "Unity.Services.Core.Analytics.csproj", "{68ba49b8-a821-50fd-ecad-1eb3455c36ea}"
EndProject
Project("{FAE04EC0-301F-11D3-BF4B-00C04F79EFBC}") = "Unity.Services.Core.Scheduler", "Unity.Services.Core.Scheduler.csproj", "{3ed5108c-1955-d84b-fe1d-d3facf91bb93}"
EndProject
Project("{FAE04EC0-301F-11D3-BF4B-00C04F79EFBC}") = "Unity.Services.Core.Registration", "Unity.Services.Core.Registration.csproj", "{dea347c9-483f-227a-511a-4dd530ed7d94}"
EndProject
Project("{FAE04EC0-301F-11D3-BF4B-00C04F79EFBC}") = "Unity.Services.Core.Device", "Unity.Services.Core.Device.csproj", "{d0ee2f70-9787-2d34-97f4-412bbc76661b}"
EndProject
Project("{FAE04EC0-301F-11D3-BF4B-00C04F79EFBC}") = "Unity.Services.Core.Threading", "Unity.Services.Core.Threading.csproj", "{08d23cd5-27db-4d6b-8b2f-b21e3cef4652}"
EndProject
Project("{FAE04EC0-301F-11D3-BF4B-00C04F79EFBC}") = "Unity.Services.Core.Networking", "Unity.Services.Core.Networking.csproj", "{8255ff8a-ecf6-0d5a-4ad8-745fd1e28b71}"
EndProject
Project("{FAE04EC0-301F-11D3-BF4B-00C04F79EFBC}") = "Unity.Services.Core", "Unity.Services.Core.csproj", "{9ab52463-4515-fc48-4238-32d3ff1faf6f}"
EndProject
Project("{FAE04EC0-301F-11D3-BF4B-00C04F79EFBC}") = "Unity.Services.Core.Configuration", "Unity.Services.Core.Configuration.csproj", "{2c9c453d-0b68-aacc-4efb-505f7a691686}"
EndProject
Project("{FAE04EC0-301F-11D3-BF4B-00C04F79EFBC}") = "Unity.PlasticSCM.Editor", "Unity.PlasticSCM.Editor.csproj", "{0af183f7-73a6-0e59-ea26-4154696e5a2c}"
EndProject
Project("{FAE04EC0-301F-11D3-BF4B-00C04F79EFBC}") = "Unity.VisualScripting.Core.Editor", "Unity.VisualScripting.Core.Editor.csproj", "{df44f039-a9ba-d64d-de0c-52eaffc95f6b}"
EndProject
Project("{FAE04EC0-301F-11D3-BF4B-00C04F79EFBC}") = "Unity.VisualScripting.Flow.Editor", "Unity.VisualScripting.Flow.Editor.csproj", "{ff938054-72ed-473a-552b-f0845756d5ac}"
EndProject
Project("{FAE04EC0-301F-11D3-BF4B-00C04F79EFBC}") = "Unity.VisualStudio.Editor", "Unity.VisualStudio.Editor.csproj", "{6917d1b5-2735-3939-e9e4-3e6aa4d851ec}"
EndProject
Project("{FAE04EC0-301F-11D3-BF4B-00C04F79EFBC}") = "Unity.Timeline.Editor", "Unity.Timeline.Editor.csproj", "{c0027be5-8896-497d-bf8d-d31c7b295b11}"
EndProject
Project("{FAE04EC0-301F-11D3-BF4B-00C04F79EFBC}") = "Unity.VisualScripting.State.Editor", "Unity.VisualScripting.State.Editor.csproj", "{ffc0bc9c-6540-1496-5255-1439d676622b}"
EndProject
Project("{FAE04EC0-301F-11D3-BF4B-00C04F79EFBC}") = "Unity.TextMeshPro.Editor", "Unity.TextMeshPro.Editor.csproj", "{bd1f3961-7ffd-cfd9-9d08-ed4b7fe4ec43}"
EndProject
Project("{FAE04EC0-301F-11D3-BF4B-00C04F79EFBC}") = "Unity.VisualScripting.SettingsProvider.Editor", "Unity.VisualScripting.SettingsProvider.Editor.csproj", "{f7e5f132-9741-d17c-0e82-1826fecc28df}"
EndProject
Project("{FAE04EC0-301F-11D3-BF4B-00C04F79EFBC}") = "Unity.CollabProxy.Editor", "Unity.CollabProxy.Editor.csproj", "{9e4f3f11-9dc9-6cf7-fe27-ee133d34c6cd}"
EndProject
Project("{FAE04EC0-301F-11D3-BF4B-00C04F79EFBC}") = "UnityEditor.TestRunner", "UnityEditor.TestRunner.csproj", "{30d6b556-f12b-29ce-aa04-1ff10682dda5}"
EndProject
Project("{FAE04EC0-301F-11D3-BF4B-00C04F79EFBC}") = "Unity.Services.Core.Editor", "Unity.Services.Core.Editor.csproj", "{b900ab48-a661-df83-0090-2448ce440445}"
EndProject
Project("{FAE04EC0-301F-11D3-BF4B-00C04F79EFBC}") = "Unity.TestTools.CodeCoverage.Editor", "Unity.TestTools.CodeCoverage.Editor.csproj", "{5efa173a-62e7-5761-3696-3e3736f1f94b}"
EndProject
Project("{FAE04EC0-301F-11D3-BF4B-00C04F79EFBC}") = "Unity.Rider.Editor", "Unity.Rider.Editor.csproj", "{a8499043-6160-0824-e7a4-57faa72cd0f9}"
EndProject
Project("{FAE04EC0-301F-11D3-BF4B-00C04F79EFBC}") = "Unity.Performance.Profile-Analyzer.Editor", "Unity.Performance.Profile-Analyzer.Editor.csproj", "{131512bf-ab77-a59f-828b-4f398a681060}"
EndProject
Project("{FAE04EC0-301F-11D3-BF4B-00C04F79EFBC}") = "Unity.VSCode.Editor", "Unity.VSCode.Editor.csproj", "{65524927-049d-abcb-b61b-9e2d654f3921}"
EndProject
Project("{FAE04EC0-301F-11D3-BF4B-00C04F79EFBC}") = "Unity.TestTools.CodeCoverage.Editor.OpenCover.Model", "Unity.TestTools.CodeCoverage.Editor.OpenCover.Model.csproj", "{fe493afc-db70-07af-606f-ebeb0a8fdf98}"
EndProject
Project("{FAE04EC0-301F-11D3-BF4B-00C04F79EFBC}") = "Unity.EditorCoroutines.Editor", "Unity.EditorCoroutines.Editor.csproj", "{21006f75-f7dd-1e71-d11c-9a583280e208}"
EndProject
Project("{FAE04EC0-301F-11D3-BF4B-00C04F79EFBC}") = "Unity.Settings.Editor", "Unity.Settings.Editor.csproj", "{0657e31f-181a-4616-fb99-b00a3c63e053}"
EndProject
Project("{FAE04EC0-301F-11D3-BF4B-00C04F79EFBC}") = "Unity.Services.Core.Configuration.Editor", "Unity.Services.Core.Configuration.Editor.csproj", "{ea253aa2-2dcf-46d5-ac29-be1da73e4a4e}"
EndProject
Project("{FAE04EC0-301F-11D3-BF4B-00C04F79EFBC}") = "Unity.TestTools.CodeCoverage.Editor.OpenCover.Mono.Reflection", "Unity.TestTools.CodeCoverage.Editor.OpenCover.Mono.Reflection.csproj", "{86e707af-0f6e-c4c9-1ce3-ba85c4bdfe64}"
EndProject
Project("{FAE04EC0-301F-11D3-BF4B-00C04F79EFBC}") = "Unity.VisualScripting.Shared.Editor", "Unity.VisualScripting.Shared.Editor.csproj", "{f821f39a-1c5b-b0ac-5f8b-3db97008355f}"
EndProject
Global
	GlobalSection(SolutionConfigurationPlatforms) = preSolution
		Debug|Any CPU = Debug|Any CPU
	EndGlobalSection
	GlobalSection(ProjectConfigurationPlatforms) = postSolution
		{8387902b-b68e-ef6b-52ff-de8fc5886398}.Debug|Any CPU.ActiveCfg = Debug|Any CPU
		{8387902b-b68e-ef6b-52ff-de8fc5886398}.Debug|Any CPU.Build.0 = Debug|Any CPU
		{ed784383-d8c6-da99-2023-eef64e583bad}.Debug|Any CPU.ActiveCfg = Debug|Any CPU
		{ed784383-d8c6-da99-2023-eef64e583bad}.Debug|Any CPU.Build.0 = Debug|Any CPU
		{9f3afae5-8dee-0915-96e0-2b4204ae1a18}.Debug|Any CPU.ActiveCfg = Debug|Any CPU
		{9f3afae5-8dee-0915-96e0-2b4204ae1a18}.Debug|Any CPU.Build.0 = Debug|Any CPU
		{ff1a519b-c11a-88e8-ec97-54261989253a}.Debug|Any CPU.ActiveCfg = Debug|Any CPU
		{ff1a519b-c11a-88e8-ec97-54261989253a}.Debug|Any CPU.Build.0 = Debug|Any CPU
		{eff63b51-ef15-a064-6eb6-6d0e37ccfe9f}.Debug|Any CPU.ActiveCfg = Debug|Any CPU
		{eff63b51-ef15-a064-6eb6-6d0e37ccfe9f}.Debug|Any CPU.Build.0 = Debug|Any CPU
		{b42f5ddd-669b-e879-31a0-ce3e939e9e8d}.Debug|Any CPU.ActiveCfg = Debug|Any CPU
		{b42f5ddd-669b-e879-31a0-ce3e939e9e8d}.Debug|Any CPU.Build.0 = Debug|Any CPU
		{e2ad1222-64ac-5ffa-eb6e-63eef51db36f}.Debug|Any CPU.ActiveCfg = Debug|Any CPU
		{e2ad1222-64ac-5ffa-eb6e-63eef51db36f}.Debug|Any CPU.Build.0 = Debug|Any CPU
		{692300b8-aa2b-5c38-6719-3206627d1490}.Debug|Any CPU.ActiveCfg = Debug|Any CPU
		{692300b8-aa2b-5c38-6719-3206627d1490}.Debug|Any CPU.Build.0 = Debug|Any CPU
		{91d1263c-c011-afe3-c4e5-1c567eabdd0c}.Debug|Any CPU.ActiveCfg = Debug|Any CPU
		{91d1263c-c011-afe3-c4e5-1c567eabdd0c}.Debug|Any CPU.Build.0 = Debug|Any CPU
		{80948138-3bac-881c-4983-d62dbf43120c}.Debug|Any CPU.ActiveCfg = Debug|Any CPU
		{80948138-3bac-881c-4983-d62dbf43120c}.Debug|Any CPU.Build.0 = Debug|Any CPU
		{68ba49b8-a821-50fd-ecad-1eb3455c36ea}.Debug|Any CPU.ActiveCfg = Debug|Any CPU
		{68ba49b8-a821-50fd-ecad-1eb3455c36ea}.Debug|Any CPU.Build.0 = Debug|Any CPU
		{3ed5108c-1955-d84b-fe1d-d3facf91bb93}.Debug|Any CPU.ActiveCfg = Debug|Any CPU
		{3ed5108c-1955-d84b-fe1d-d3facf91bb93}.Debug|Any CPU.Build.0 = Debug|Any CPU
		{dea347c9-483f-227a-511a-4dd530ed7d94}.Debug|Any CPU.ActiveCfg = Debug|Any CPU
		{dea347c9-483f-227a-511a-4dd530ed7d94}.Debug|Any CPU.Build.0 = Debug|Any CPU
		{d0ee2f70-9787-2d34-97f4-412bbc76661b}.Debug|Any CPU.ActiveCfg = Debug|Any CPU
		{d0ee2f70-9787-2d34-97f4-412bbc76661b}.Debug|Any CPU.Build.0 = Debug|Any CPU
		{08d23cd5-27db-4d6b-8b2f-b21e3cef4652}.Debug|Any CPU.ActiveCfg = Debug|Any CPU
		{08d23cd5-27db-4d6b-8b2f-b21e3cef4652}.Debug|Any CPU.Build.0 = Debug|Any CPU
		{8255ff8a-ecf6-0d5a-4ad8-745fd1e28b71}.Debug|Any CPU.ActiveCfg = Debug|Any CPU
		{8255ff8a-ecf6-0d5a-4ad8-745fd1e28b71}.Debug|Any CPU.Build.0 = Debug|Any CPU
		{9ab52463-4515-fc48-4238-32d3ff1faf6f}.Debug|Any CPU.ActiveCfg = Debug|Any CPU
		{9ab52463-4515-fc48-4238-32d3ff1faf6f}.Debug|Any CPU.Build.0 = Debug|Any CPU
		{2c9c453d-0b68-aacc-4efb-505f7a691686}.Debug|Any CPU.ActiveCfg = Debug|Any CPU
		{2c9c453d-0b68-aacc-4efb-505f7a691686}.Debug|Any CPU.Build.0 = Debug|Any CPU
		{0af183f7-73a6-0e59-ea26-4154696e5a2c}.Debug|Any CPU.ActiveCfg = Debug|Any CPU
		{0af183f7-73a6-0e59-ea26-4154696e5a2c}.Debug|Any CPU.Build.0 = Debug|Any CPU
		{df44f039-a9ba-d64d-de0c-52eaffc95f6b}.Debug|Any CPU.ActiveCfg = Debug|Any CPU
		{df44f039-a9ba-d64d-de0c-52eaffc95f6b}.Debug|Any CPU.Build.0 = Debug|Any CPU
		{ff938054-72ed-473a-552b-f0845756d5ac}.Debug|Any CPU.ActiveCfg = Debug|Any CPU
		{ff938054-72ed-473a-552b-f0845756d5ac}.Debug|Any CPU.Build.0 = Debug|Any CPU
		{6917d1b5-2735-3939-e9e4-3e6aa4d851ec}.Debug|Any CPU.ActiveCfg = Debug|Any CPU
		{6917d1b5-2735-3939-e9e4-3e6aa4d851ec}.Debug|Any CPU.Build.0 = Debug|Any CPU
		{c0027be5-8896-497d-bf8d-d31c7b295b11}.Debug|Any CPU.ActiveCfg = Debug|Any CPU
		{c0027be5-8896-497d-bf8d-d31c7b295b11}.Debug|Any CPU.Build.0 = Debug|Any CPU
		{ffc0bc9c-6540-1496-5255-1439d676622b}.Debug|Any CPU.ActiveCfg = Debug|Any CPU
		{ffc0bc9c-6540-1496-5255-1439d676622b}.Debug|Any CPU.Build.0 = Debug|Any CPU
		{bd1f3961-7ffd-cfd9-9d08-ed4b7fe4ec43}.Debug|Any CPU.ActiveCfg = Debug|Any CPU
		{bd1f3961-7ffd-cfd9-9d08-ed4b7fe4ec43}.Debug|Any CPU.Build.0 = Debug|Any CPU
		{f7e5f132-9741-d17c-0e82-1826fecc28df}.Debug|Any CPU.ActiveCfg = Debug|Any CPU
		{f7e5f132-9741-d17c-0e82-1826fecc28df}.Debug|Any CPU.Build.0 = Debug|Any CPU
		{9e4f3f11-9dc9-6cf7-fe27-ee133d34c6cd}.Debug|Any CPU.ActiveCfg = Debug|Any CPU
		{9e4f3f11-9dc9-6cf7-fe27-ee133d34c6cd}.Debug|Any CPU.Build.0 = Debug|Any CPU
		{30d6b556-f12b-29ce-aa04-1ff10682dda5}.Debug|Any CPU.ActiveCfg = Debug|Any CPU
		{30d6b556-f12b-29ce-aa04-1ff10682dda5}.Debug|Any CPU.Build.0 = Debug|Any CPU
		{b900ab48-a661-df83-0090-2448ce440445}.Debug|Any CPU.ActiveCfg = Debug|Any CPU
		{b900ab48-a661-df83-0090-2448ce440445}.Debug|Any CPU.Build.0 = Debug|Any CPU
		{5efa173a-62e7-5761-3696-3e3736f1f94b}.Debug|Any CPU.ActiveCfg = Debug|Any CPU
		{5efa173a-62e7-5761-3696-3e3736f1f94b}.Debug|Any CPU.Build.0 = Debug|Any CPU
		{a8499043-6160-0824-e7a4-57faa72cd0f9}.Debug|Any CPU.ActiveCfg = Debug|Any CPU
		{a8499043-6160-0824-e7a4-57faa72cd0f9}.Debug|Any CPU.Build.0 = Debug|Any CPU
		{131512bf-ab77-a59f-828b-4f398a681060}.Debug|Any CPU.ActiveCfg = Debug|Any CPU
		{131512bf-ab77-a59f-828b-4f398a681060}.Debug|Any CPU.Build.0 = Debug|Any CPU
		{65524927-049d-abcb-b61b-9e2d654f3921}.Debug|Any CPU.ActiveCfg = Debug|Any CPU
		{65524927-049d-abcb-b61b-9e2d654f3921}.Debug|Any CPU.Build.0 = Debug|Any CPU
		{fe493afc-db70-07af-606f-ebeb0a8fdf98}.Debug|Any CPU.ActiveCfg = Debug|Any CPU
		{fe493afc-db70-07af-606f-ebeb0a8fdf98}.Debug|Any CPU.Build.0 = Debug|Any CPU
		{21006f75-f7dd-1e71-d11c-9a583280e208}.Debug|Any CPU.ActiveCfg = Debug|Any CPU
		{21006f75-f7dd-1e71-d11c-9a583280e208}.Debug|Any CPU.Build.0 = Debug|Any CPU
		{0657e31f-181a-4616-fb99-b00a3c63e053}.Debug|Any CPU.ActiveCfg = Debug|Any CPU
		{0657e31f-181a-4616-fb99-b00a3c63e053}.Debug|Any CPU.Build.0 = Debug|Any CPU
		{ea253aa2-2dcf-46d5-ac29-be1da73e4a4e}.Debug|Any CPU.ActiveCfg = Debug|Any CPU
		{ea253aa2-2dcf-46d5-ac29-be1da73e4a4e}.Debug|Any CPU.Build.0 = Debug|Any CPU
		{86e707af-0f6e-c4c9-1ce3-ba85c4bdfe64}.Debug|Any CPU.ActiveCfg = Debug|Any CPU
		{86e707af-0f6e-c4c9-1ce3-ba85c4bdfe64}.Debug|Any CPU.Build.0 = Debug|Any CPU
		{f821f39a-1c5b-b0ac-5f8b-3db97008355f}.Debug|Any CPU.ActiveCfg = Debug|Any CPU
		{f821f39a-1c5b-b0ac-5f8b-3db97008355f}.Debug|Any CPU.Build.0 = Debug|Any CPU
	EndGlobalSection
	GlobalSection(SolutionProperties) = preSolution
		HideSolutionNode = FALSE
	EndGlobalSection
EndGlobal
